
Microsoft Visual Studio Solution File, Format Version 12.00
# Visual Studio Version 17
VisualStudioVersion = 17.0.32112.339
MinimumVisualStudioVersion = 10.0.40219.1
Project("{9A19103F-16F7-4668-BE54-9A1E7A4F7556}") = "Lupusec2Mqtt", "Lupusec2Mqtt\Lupusec2Mqtt.csproj", "{9368BACF-7D35-4D86-A90C-BCCBA0564A43}"
EndProject
Project("{FAE04EC0-301F-11D3-BF4B-00C04F79EFBC}") = "Lupusec2MqttTests", "Lupusec2MqttTests\Lupusec2MqttTests.csproj", "{5D0B0A92-8F33-4639-BAA0-FC4C5708D3BF}"
EndProject
Global
	GlobalSection(SolutionConfigurationPlatforms) = preSolution
		Debug|Any CPU = Debug|Any CPU
		Release|Any CPU = Release|Any CPU
	EndGlobalSection
	GlobalSection(ProjectConfigurationPlatforms) = postSolution
		{9368BACF-7D35-4D86-A90C-BCCBA0564A43}.Debug|Any CPU.ActiveCfg = Debug|Any CPU
		{9368BACF-7D35-4D86-A90C-BCCBA0564A43}.Debug|Any CPU.Build.0 = Debug|Any CPU
		{9368BACF-7D35-4D86-A90C-BCCBA0564A43}.Release|Any CPU.ActiveCfg = Release|Any CPU
		{9368BACF-7D35-4D86-A90C-BCCBA0564A43}.Release|Any CPU.Build.0 = Release|Any CPU
		{5D0B0A92-8F33-4639-BAA0-FC4C5708D3BF}.Debug|Any CPU.ActiveCfg = Debug|Any CPU
		{5D0B0A92-8F33-4639-BAA0-FC4C5708D3BF}.Debug|Any CPU.Build.0 = Debug|Any CPU
		{5D0B0A92-8F33-4639-BAA0-FC4C5708D3BF}.Release|Any CPU.ActiveCfg = Release|Any CPU
		{5D0B0A92-8F33-4639-BAA0-FC4C5708D3BF}.Release|Any CPU.Build.0 = Release|Any CPU
	EndGlobalSection
	GlobalSection(SolutionProperties) = preSolution
		HideSolutionNode = FALSE
	EndGlobalSection
	GlobalSection(ExtensibilityGlobals) = postSolution
		SolutionGuid = {E708B75D-8CF5-4755-AEAA-C696CB330657}
	EndGlobalSection
EndGlobal
